lockfileVersion: 5.4

specifiers:
  '@fortawesome/fontawesome-free': ^6.1.2

dependencies:
  '@fortawesome/fontawesome-free': 6.1.2

packages:

  /@fortawesome/fontawesome-free/6.1.2:
    resolution: {integrity: sha512-XwWADtfdSN73/udaFm+1mnGIj/ShDZNFMe/PRoqv3FhQ4GNI2PUN70yFTPsjq65Lw2C9i4TG5/hTbxXIXVCiqQ==}
    engines: {node: '>=6'}
    requiresBuild: true
    dev: false
